
Microsoft Visual Studio Solution File, Format Version 12.00
# Visual Studio Version 16
VisualStudioVersion = 16.0.29519.181
MinimumVisualStudioVersion = 10.0.40219.1
Project("{FAE04EC0-301F-11D3-BF4B-00C04F79EFBC}") = "ketvirta_savarankiska_sudetis", "ketvirta_savarankiska_sudetis\ketvirta_savarankiska_sudetis.csproj", "{CDAE0635-9F51-47E1-8A83-246BCB426BB4}"
EndProject
Global
	GlobalSection(SolutionConfigurationPlatforms) = preSolution
		Debug|Any CPU = Debug|Any CPU
		Release|Any CPU = Release|Any CPU
	EndGlobalSection
	GlobalSection(ProjectConfigurationPlatforms) = postSolution
		{CDAE0635-9F51-47E1-8A83-246BCB426BB4}.Debug|Any CPU.ActiveCfg = Debug|Any CPU
		{CDAE0635-9F51-47E1-8A83-246BCB426BB4}.Debug|Any CPU.Build.0 = Debug|Any CPU
		{CDAE0635-9F51-47E1-8A83-246BCB426BB4}.Release|Any CPU.ActiveCfg = Release|Any CPU
		{CDAE0635-9F51-47E1-8A83-246BCB426BB4}.Release|Any CPU.Build.0 = Release|Any CPU
	EndGlobalSection
	GlobalSection(SolutionProperties) = preSolution
		HideSolutionNode = FALSE
	EndGlobalSection
	GlobalSection(ExtensibilityGlobals) = postSolution
		SolutionGuid = {73EC3A07-A42C-4F21-8173-B16F883EACDD}
	EndGlobalSection
EndGlobal
